
Microsoft Visual Studio Solution File, Format Version 12.00
# Visual Studio 15
VisualStudioVersion = 15.0.27703.2035
MinimumVisualStudioVersion = 10.0.40219.1
Project("{FAE04EC0-301F-11D3-BF4B-00C04F79EFBC}") = "SpeedGPS.Android", "SpeedGPS\SpeedGPS.Android\SpeedGPS.Android.csproj", "{EB91E5D6-6189-4A7E-9777-2EE0CD769042}"
EndProject
Project("{FAE04EC0-301F-11D3-BF4B-00C04F79EFBC}") = "SpeedGPS.iOS", "SpeedGPS\SpeedGPS.iOS\SpeedGPS.iOS.csproj", "{75F5FA78-362D-495E-BB0D-664665B61904}"
EndProject
Project("{FAE04EC0-301F-11D3-BF4B-00C04F79EFBC}") = "SpeedGPS.UWP", "SpeedGPS\SpeedGPS.UWP\SpeedGPS.UWP.csproj", "{AE50A765-AE2C-4417-8478-D585C90F5A71}"
EndProject
Project("{FAE04EC0-301F-11D3-BF4B-00C04F79EFBC}") = "SpeedGPS", "SpeedGPS\SpeedGPS\SpeedGPS.csproj", "{614D00B1-FC41-4E1F-92AE-60244D08654F}"
EndProject
Global
	GlobalSection(SolutionConfigurationPlatforms) = preSolution
		Ad-Hoc|Any CPU = Ad-Hoc|Any CPU
		Ad-Hoc|ARM = Ad-Hoc|ARM
		Ad-Hoc|iPhone = Ad-Hoc|iPhone
		Ad-Hoc|iPhoneSimulator = Ad-Hoc|iPhoneSimulator
		Ad-Hoc|x64 = Ad-Hoc|x64
		Ad-Hoc|x86 = Ad-Hoc|x86
		AppStore|Any CPU = AppStore|Any CPU
		AppStore|ARM = AppStore|ARM
		AppStore|iPhone = AppStore|iPhone
		AppStore|iPhoneSimulator = AppStore|iPhoneSimulator
		AppStore|x64 = AppStore|x64
		AppStore|x86 = AppStore|x86
		Debug|Any CPU = Debug|Any CPU
		Debug|ARM = Debug|ARM
		Debug|iPhone = Debug|iPhone
		Debug|iPhoneSimulator = Debug|iPhoneSimulator
		Debug|x64 = Debug|x64
		Debug|x86 = Debug|x86
		Release|Any CPU = Release|Any CPU
		Release|ARM = Release|ARM
		Release|iPhone = Release|iPhone
		Release|iPhoneSimulator = Release|iPhoneSimulator
		Release|x64 = Release|x64
		Release|x86 = Release|x86
	EndGlobalSection
	GlobalSection(ProjectConfigurationPlatforms) = postSolution
		{EB91E5D6-6189-4A7E-9777-2EE0CD769042}.Ad-Hoc|Any CPU.ActiveCfg = Release|Any CPU
		{EB91E5D6-6189-4A7E-9777-2EE0CD769042}.Ad-Hoc|Any CPU.Build.0 = Release|Any CPU
		{EB91E5D6-6189-4A7E-9777-2EE0CD769042}.Ad-Hoc|Any CPU.Deploy.0 = Release|Any CPU
		{EB91E5D6-6189-4A7E-9777-2EE0CD769042}.Ad-Hoc|ARM.ActiveCfg = Release|Any CPU
		{EB91E5D6-6189-4A7E-9777-2EE0CD769042}.Ad-Hoc|ARM.Build.0 = Release|Any CPU
		{EB91E5D6-6189-4A7E-9777-2EE0CD769042}.Ad-Hoc|ARM.Deploy.0 = Release|Any CPU
		{EB91E5D6-6189-4A7E-9777-2EE0CD769042}.Ad-Hoc|iPhone.ActiveCfg = Release|Any CPU
		{EB91E5D6-6189-4A7E-9777-2EE0CD769042}.Ad-Hoc|iPhone.Build.0 = Release|Any CPU
		{EB91E5D6-6189-4A7E-9777-2EE0CD769042}.Ad-Hoc|iPhone.Deploy.0 = Release|Any CPU
		{EB91E5D6-6189-4A7E-9777-2EE0CD769042}.Ad-Hoc|iPhoneSimulator.ActiveCfg = Release|Any CPU
		{EB91E5D6-6189-4A7E-9777-2EE0CD769042}.Ad-Hoc|iPhoneSimulator.Build.0 = Release|Any CPU
		{EB91E5D6-6189-4A7E-9777-2EE0CD769042}.Ad-Hoc|iPhoneSimulator.Deploy.0 = Release|Any CPU
		{EB91E5D6-6189-4A7E-9777-2EE0CD769042}.Ad-Hoc|x64.ActiveCfg = Release|Any CPU
		{EB91E5D6-6189-4A7E-9777-2EE0CD769042}.Ad-Hoc|x64.Build.0 = Release|Any CPU
		{EB91E5D6-6189-4A7E-9777-2EE0CD769042}.Ad-Hoc|x64.Deploy.0 = Release|Any CPU
		{EB91E5D6-6189-4A7E-9777-2EE0CD769042}.Ad-Hoc|x86.ActiveCfg = Release|Any CPU
		{EB91E5D6-6189-4A7E-9777-2EE0CD769042}.Ad-Hoc|x86.Build.0 = Release|Any CPU
		{EB91E5D6-6189-4A7E-9777-2EE0CD769042}.Ad-Hoc|x86.Deploy.0 = Release|Any CPU
		{EB91E5D6-6189-4A7E-9777-2EE0CD769042}.AppStore|Any CPU.ActiveCfg = Release|Any CPU
		{EB91E5D6-6189-4A7E-9777-2EE0CD769042}.AppStore|Any CPU.Build.0 = Release|Any CPU
		{EB91E5D6-6189-4A7E-9777-2EE0CD769042}.AppStore|Any CPU.Deploy.0 = Release|Any CPU
		{EB91E5D6-6189-4A7E-9777-2EE0CD769042}.AppStore|ARM.ActiveCfg = Release|Any CPU
		{EB91E5D6-6189-4A7E-9777-2EE0CD769042}.AppStore|ARM.Build.0 = Release|Any CPU
		{EB91E5D6-6189-4A7E-9777-2EE0CD769042}.AppStore|ARM.Deploy.0 = Release|Any CPU
		{EB91E5D6-6189-4A7E-9777-2EE0CD769042}.AppStore|iPhone.ActiveCfg = Release|Any CPU
		{EB91E5D6-6189-4A7E-9777-2EE0CD769042}.AppStore|iPhone.Build.0 = Release|Any CPU
		{EB91E5D6-6189-4A7E-9777-2EE0CD769042}.AppStore|iPhone.Deploy.0 = Release|Any CPU
		{EB91E5D6-6189-4A7E-9777-2EE0CD769042}.AppStore|iPhoneSimulator.ActiveCfg = Release|Any CPU
		{EB91E5D6-6189-4A7E-9777-2EE0CD769042}.AppStore|iPhoneSimulator.Build.0 = Release|Any CPU
		{EB91E5D6-6189-4A7E-9777-2EE0CD769042}.AppStore|iPhoneSimulator.Deploy.0 = Release|Any CPU
		{EB91E5D6-6189-4A7E-9777-2EE0CD769042}.AppStore|x64.ActiveCfg = Release|Any CPU
		{EB91E5D6-6189-4A7E-9777-2EE0CD769042}.AppStore|x64.Build.0 = Release|Any CPU
		{EB91E5D6-6189-4A7E-9777-2EE0CD769042}.AppStore|x64.Deploy.0 = Release|Any CPU
		{EB91E5D6-6189-4A7E-9777-2EE0CD769042}.AppStore|x86.ActiveCfg = Release|Any CPU
		{EB91E5D6-6189-4A7E-9777-2EE0CD769042}.AppStore|x86.Build.0 = Release|Any CPU
		{EB91E5D6-6189-4A7E-9777-2EE0CD769042}.AppStore|x86.Deploy.0 = Release|Any CPU
		{EB91E5D6-6189-4A7E-9777-2EE0CD769042}.Debug|Any CPU.ActiveCfg = Debug|Any CPU
		{EB91E5D6-6189-4A7E-9777-2EE0CD769042}.Debug|Any CPU.Build.0 = Debug|Any CPU
		{EB91E5D6-6189-4A7E-9777-2EE0CD769042}.Debug|Any CPU.Deploy.0 = Debug|Any CPU
		{EB91E5D6-6189-4A7E-9777-2EE0CD769042}.Debug|ARM.ActiveCfg = Debug|Any CPU
		{EB91E5D6-6189-4A7E-9777-2EE0CD769042}.Debug|ARM.Build.0 = Debug|Any CPU
		{EB91E5D6-6189-4A7E-9777-2EE0CD769042}.Debug|ARM.Deploy.0 = Debug|Any CPU
		{EB91E5D6-6189-4A7E-9777-2EE0CD769042}.Debug|iPhone.ActiveCfg = Debug|Any CPU
		{EB91E5D6-6189-4A7E-9777-2EE0CD769042}.Debug|iPhone.Build.0 = Debug|Any CPU
		{EB91E5D6-6189-4A7E-9777-2EE0CD769042}.Debug|iPhone.Deploy.0 = Debug|Any CPU
		{EB91E5D6-6189-4A7E-9777-2EE0CD769042}.Debug|iPhoneSimulator.ActiveCfg = Debug|Any CPU
		{EB91E5D6-6189-4A7E-9777-2EE0CD769042}.Debug|iPhoneSimulator.Build.0 = Debug|Any CPU
		{EB91E5D6-6189-4A7E-9777-2EE0CD769042}.Debug|iPhoneSimulator.Deploy.0 = Debug|Any CPU
		{EB91E5D6-6189-4A7E-9777-2EE0CD769042}.Debug|x64.ActiveCfg = Debug|Any CPU
		{EB91E5D6-6189-4A7E-9777-2EE0CD769042}.Debug|x64.Build.0 = Debug|Any CPU
		{EB91E5D6-6189-4A7E-9777-2EE0CD769042}.Debug|x64.Deploy.0 = Debug|Any CPU
		{EB91E5D6-6189-4A7E-9777-2EE0CD769042}.Debug|x86.ActiveCfg = Debug|Any CPU
		{EB91E5D6-6189-4A7E-9777-2EE0CD769042}.Debug|x86.Build.0 = Debug|Any CPU
		{EB91E5D6-6189-4A7E-9777-2EE0CD769042}.Debug|x86.Deploy.0 = Debug|Any CPU
		{EB91E5D6-6189-4A7E-9777-2EE0CD769042}.Release|Any CPU.ActiveCfg = Release|Any CPU
		{EB91E5D6-6189-4A7E-9777-2EE0CD769042}.Release|Any CPU.Build.0 = Release|Any CPU
		{EB91E5D6-6189-4A7E-9777-2EE0CD769042}.Release|Any CPU.Deploy.0 = Release|Any CPU
		{EB91E5D6-6189-4A7E-9777-2EE0CD769042}.Release|ARM.ActiveCfg = Release|Any CPU
		{EB91E5D6-6189-4A7E-9777-2EE0CD769042}.Release|ARM.Build.0 = Release|Any CPU
		{EB91E5D6-6189-4A7E-9777-2EE0CD769042}.Release|ARM.Deploy.0 = Release|Any CPU
		{EB91E5D6-6189-4A7E-9777-2EE0CD769042}.Release|iPhone.ActiveCfg = Release|Any CPU
		{EB91E5D6-6189-4A7E-9777-2EE0CD769042}.Release|iPhone.Build.0 = Release|Any CPU
		{EB91E5D6-6189-4A7E-9777-2EE0CD769042}.Release|iPhone.Deploy.0 = Release|Any CPU
		{EB91E5D6-6189-4A7E-9777-2EE0CD769042}.Release|iPhoneSimulator.ActiveCfg = Release|Any CPU
		{EB91E5D6-6189-4A7E-9777-2EE0CD769042}.Release|iPhoneSimulator.Build.0 = Release|Any CPU
		{EB91E5D6-6189-4A7E-9777-2EE0CD769042}.Release|iPhoneSimulator.Deploy.0 = Release|Any CPU
		{EB91E5D6-6189-4A7E-9777-2EE0CD769042}.Release|x64.ActiveCfg = Release|Any CPU
		{EB91E5D6-6189-4A7E-9777-2EE0CD769042}.Release|x64.Build.0 = Release|Any CPU
		{EB91E5D6-6189-4A7E-9777-2EE0CD769042}.Release|x64.Deploy.0 = Release|Any CPU
		{EB91E5D6-6189-4A7E-9777-2EE0CD769042}.Release|x86.ActiveCfg = Release|Any CPU
		{EB91E5D6-6189-4A7E-9777-2EE0CD769042}.Release|x86.Build.0 = Release|Any CPU
		{EB91E5D6-6189-4A7E-9777-2EE0CD769042}.Release|x86.Deploy.0 = Release|Any CPU
		{75F5FA78-362D-495E-BB0D-664665B61904}.Ad-Hoc|Any CPU.ActiveCfg = Ad-Hoc|iPhone
		{75F5FA78-362D-495E-BB0D-664665B61904}.Ad-Hoc|Any CPU.Build.0 = Ad-Hoc|iPhone
		{75F5FA78-362D-495E-BB0D-664665B61904}.Ad-Hoc|Any CPU.Deploy.0 = Ad-Hoc|iPhone
		{75F5FA78-362D-495E-BB0D-664665B61904}.Ad-Hoc|ARM.ActiveCfg = Ad-Hoc|iPhone
		{75F5FA78-362D-495E-BB0D-664665B61904}.Ad-Hoc|ARM.Build.0 = Ad-Hoc|iPhone
		{75F5FA78-362D-495E-BB0D-664665B61904}.Ad-Hoc|ARM.Deploy.0 = Ad-Hoc|iPhone
		{75F5FA78-362D-495E-BB0D-664665B61904}.Ad-Hoc|iPhone.ActiveCfg = Ad-Hoc|iPhone
		{75F5FA78-362D-495E-BB0D-664665B61904}.Ad-Hoc|iPhone.Build.0 = Ad-Hoc|iPhone
		{75F5FA78-362D-495E-BB0D-664665B61904}.Ad-Hoc|iPhone.Deploy.0 = Ad-Hoc|iPhone
		{75F5FA78-362D-495E-BB0D-664665B61904}.Ad-Hoc|iPhoneSimulator.ActiveCfg = Ad-Hoc|iPhoneSimulator
		{75F5FA78-362D-495E-BB0D-664665B61904}.Ad-Hoc|iPhoneSimulator.Build.0 = Ad-Hoc|iPhoneSimulator
		{75F5FA78-362D-495E-BB0D-664665B61904}.Ad-Hoc|iPhoneSimulator.Deploy.0 = Ad-Hoc|iPhoneSimulator
		{75F5FA78-362D-495E-BB0D-664665B61904}.Ad-Hoc|x64.ActiveCfg = Ad-Hoc|iPhone
		{75F5FA78-362D-495E-BB0D-664665B61904}.Ad-Hoc|x64.Build.0 = Ad-Hoc|iPhone
		{75F5FA78-362D-495E-BB0D-664665B61904}.Ad-Hoc|x64.Deploy.0 = Ad-Hoc|iPhone
		{75F5FA78-362D-495E-BB0D-664665B61904}.Ad-Hoc|x86.ActiveCfg = Ad-Hoc|iPhone
		{75F5FA78-362D-495E-BB0D-664665B61904}.Ad-Hoc|x86.Build.0 = Ad-Hoc|iPhone
		{75F5FA78-362D-495E-BB0D-664665B61904}.Ad-Hoc|x86.Deploy.0 = Ad-Hoc|iPhone
		{75F5FA78-362D-495E-BB0D-664665B61904}.AppStore|Any CPU.ActiveCfg = AppStore|iPhone
		{75F5FA78-362D-495E-BB0D-664665B61904}.AppStore|Any CPU.Build.0 = AppStore|iPhone
		{75F5FA78-362D-495E-BB0D-664665B61904}.AppStore|Any CPU.Deploy.0 = AppStore|iPhone
		{75F5FA78-362D-495E-BB0D-664665B61904}.AppStore|ARM.ActiveCfg = AppStore|iPhone
		{75F5FA78-362D-495E-BB0D-664665B61904}.AppStore|ARM.Build.0 = AppStore|iPhone
		{75F5FA78-362D-495E-BB0D-664665B61904}.AppStore|ARM.Deploy.0 = AppStore|iPhone
		{75F5FA78-362D-495E-BB0D-664665B61904}.AppStore|iPhone.ActiveCfg = AppStore|iPhone
		{75F5FA78-362D-495E-BB0D-664665B61904}.AppStore|iPhone.Build.0 = AppStore|iPhone
		{75F5FA78-362D-495E-BB0D-664665B61904}.AppStore|iPhone.Deploy.0 = AppStore|iPhone
		{75F5FA78-362D-495E-BB0D-664665B61904}.AppStore|iPhoneSimulator.ActiveCfg = AppStore|iPhoneSimulator
		{75F5FA78-362D-495E-BB0D-664665B61904}.AppStore|iPhoneSimulator.Build.0 = AppStore|iPhoneSimulator
		{75F5FA78-362D-495E-BB0D-664665B61904}.AppStore|iPhoneSimulator.Deploy.0 = AppStore|iPhoneSimulator
		{75F5FA78-362D-495E-BB0D-664665B61904}.AppStore|x64.ActiveCfg = AppStore|iPhone
		{75F5FA78-362D-495E-BB0D-664665B61904}.AppStore|x64.Build.0 = AppStore|iPhone
		{75F5FA78-362D-495E-BB0D-664665B61904}.AppStore|x64.Deploy.0 = AppStore|iPhone
		{75F5FA78-362D-495E-BB0D-664665B61904}.AppStore|x86.ActiveCfg = AppStore|iPhone
		{75F5FA78-362D-495E-BB0D-664665B61904}.AppStore|x86.Build.0 = AppStore|iPhone
		{75F5FA78-362D-495E-BB0D-664665B61904}.AppStore|x86.Deploy.0 = AppStore|iPhone
		{75F5FA78-362D-495E-BB0D-664665B61904}.Debug|Any CPU.ActiveCfg = Debug|iPhoneSimulator
		{75F5FA78-362D-495E-BB0D-664665B61904}.Debug|Any CPU.Build.0 = Debug|iPhoneSimulator
		{75F5FA78-362D-495E-BB0D-664665B61904}.Debug|Any CPU.Deploy.0 = Debug|iPhoneSimulator
		{75F5FA78-362D-495E-BB0D-664665B61904}.Debug|ARM.ActiveCfg = Debug|iPhone
		{75F5FA78-362D-495E-BB0D-664665B61904}.Debug|ARM.Build.0 = Debug|iPhone
		{75F5FA78-362D-495E-BB0D-664665B61904}.Debug|ARM.Deploy.0 = Debug|iPhone
		{75F5FA78-362D-495E-BB0D-664665B61904}.Debug|iPhone.ActiveCfg = Debug|iPhone
		{75F5FA78-362D-495E-BB0D-664665B61904}.Debug|iPhone.Build.0 = Debug|iPhone
		{75F5FA78-362D-495E-BB0D-664665B61904}.Debug|iPhone.Deploy.0 = Debug|iPhone
		{75F5FA78-362D-495E-BB0D-664665B61904}.Debug|iPhoneSimulator.ActiveCfg = Debug|iPhoneSimulator
		{75F5FA78-362D-495E-BB0D-664665B61904}.Debug|iPhoneSimulator.Build.0 = Debug|iPhoneSimulator
		{75F5FA78-362D-495E-BB0D-664665B61904}.Debug|iPhoneSimulator.Deploy.0 = Debug|iPhoneSimulator
		{75F5FA78-362D-495E-BB0D-664665B61904}.Debug|x64.ActiveCfg = Debug|iPhone
		{75F5FA78-362D-495E-BB0D-664665B61904}.Debug|x64.Build.0 = Debug|iPhone
		{75F5FA78-362D-495E-BB0D-664665B61904}.Debug|x64.Deploy.0 = Debug|iPhone
		{75F5FA78-362D-495E-BB0D-664665B61904}.Debug|x86.ActiveCfg = Debug|iPhone
		{75F5FA78-362D-495E-BB0D-664665B61904}.Debug|x86.Build.0 = Debug|iPhone
		{75F5FA78-362D-495E-BB0D-664665B61904}.Debug|x86.Deploy.0 = Debug|iPhone
		{75F5FA78-362D-495E-BB0D-664665B61904}.Release|Any CPU.ActiveCfg = Release|iPhone
		{75F5FA78-362D-495E-BB0D-664665B61904}.Release|Any CPU.Build.0 = Release|iPhone
		{75F5FA78-362D-495E-BB0D-664665B61904}.Release|Any CPU.Deploy.0 = Release|iPhone
		{75F5FA78-362D-495E-BB0D-664665B61904}.Release|ARM.ActiveCfg = Release|iPhone
		{75F5FA78-362D-495E-BB0D-664665B61904}.Release|ARM.Build.0 = Release|iPhone
		{75F5FA78-362D-495E-BB0D-664665B61904}.Release|ARM.Deploy.0 = Release|iPhone
		{75F5FA78-362D-495E-BB0D-664665B61904}.Release|iPhone.ActiveCfg = Release|iPhone
		{75F5FA78-362D-495E-BB0D-664665B61904}.Release|iPhone.Build.0 = Release|iPhone
		{75F5FA78-362D-495E-BB0D-664665B61904}.Release|iPhone.Deploy.0 = Release|iPhone
		{75F5FA78-362D-495E-BB0D-664665B61904}.Release|iPhoneSimulator.ActiveCfg = Release|iPhoneSimulator
		{75F5FA78-362D-495E-BB0D-664665B61904}.Release|iPhoneSimulator.Build.0 = Release|iPhoneSimulator
		{75F5FA78-362D-495E-BB0D-664665B61904}.Release|iPhoneSimulator.Deploy.0 = Release|iPhoneSimulator
		{75F5FA78-362D-495E-BB0D-664665B61904}.Release|x64.ActiveCfg = Release|iPhone
		{75F5FA78-362D-495E-BB0D-664665B61904}.Release|x64.Build.0 = Release|iPhone
		{75F5FA78-362D-495E-BB0D-664665B61904}.Release|x64.Deploy.0 = Release|iPhone
		{75F5FA78-362D-495E-BB0D-664665B61904}.Release|x86.ActiveCfg = Release|iPhone
		{75F5FA78-362D-495E-BB0D-664665B61904}.Release|x86.Build.0 = Release|iPhone
		{75F5FA78-362D-495E-BB0D-664665B61904}.Release|x86.Deploy.0 = Release|iPhone
		{AE50A765-AE2C-4417-8478-D585C90F5A71}.Ad-Hoc|Any CPU.ActiveCfg = Release|x86
		{AE50A765-AE2C-4417-8478-D585C90F5A71}.Ad-Hoc|Any CPU.Build.0 = Release|x86
		{AE50A765-AE2C-4417-8478-D585C90F5A71}.Ad-Hoc|Any CPU.Deploy.0 = Release|x86
		{AE50A765-AE2C-4417-8478-D585C90F5A71}.Ad-Hoc|ARM.ActiveCfg = Release|ARM
		{AE50A765-AE2C-4417-8478-D585C90F5A71}.Ad-Hoc|ARM.Build.0 = Release|ARM
		{AE50A765-AE2C-4417-8478-D585C90F5A71}.Ad-Hoc|ARM.Deploy.0 = Release|ARM
		{AE50A765-AE2C-4417-8478-D585C90F5A71}.Ad-Hoc|iPhone.ActiveCfg = Release|x86
		{AE50A765-AE2C-4417-8478-D585C90F5A71}.Ad-Hoc|iPhone.Build.0 = Release|x86
		{AE50A765-AE2C-4417-8478-D585C90F5A71}.Ad-Hoc|iPhone.Deploy.0 = Release|x86
		{AE50A765-AE2C-4417-8478-D585C90F5A71}.Ad-Hoc|iPhoneSimulator.ActiveCfg = Release|x86
		{AE50A765-AE2C-4417-8478-D585C90F5A71}.Ad-Hoc|iPhoneSimulator.Build.0 = Release|x86
		{AE50A765-AE2C-4417-8478-D585C90F5A71}.Ad-Hoc|iPhoneSimulator.Deploy.0 = Release|x86
		{AE50A765-AE2C-4417-8478-D585C90F5A71}.Ad-Hoc|x64.ActiveCfg = Release|x64
		{AE50A765-AE2C-4417-8478-D585C90F5A71}.Ad-Hoc|x64.Build.0 = Release|x64
		{AE50A765-AE2C-4417-8478-D585C90F5A71}.Ad-Hoc|x64.Deploy.0 = Release|x64
		{AE50A765-AE2C-4417-8478-D585C90F5A71}.Ad-Hoc|x86.ActiveCfg = Release|x86
		{AE50A765-AE2C-4417-8478-D585C90F5A71}.Ad-Hoc|x86.Build.0 = Release|x86
		{AE50A765-AE2C-4417-8478-D585C90F5A71}.Ad-Hoc|x86.Deploy.0 = Release|x86
		{AE50A765-AE2C-4417-8478-D585C90F5A71}.AppStore|Any CPU.ActiveCfg = Release|x86
		{AE50A765-AE2C-4417-8478-D585C90F5A71}.AppStore|Any CPU.Build.0 = Release|x86
		{AE50A765-AE2C-4417-8478-D585C90F5A71}.AppStore|Any CPU.Deploy.0 = Release|x86
		{AE50A765-AE2C-4417-8478-D585C90F5A71}.AppStore|ARM.ActiveCfg = Release|ARM
		{AE50A765-AE2C-4417-8478-D585C90F5A71}.AppStore|ARM.Build.0 = Release|ARM
		{AE50A765-AE2C-4417-8478-D585C90F5A71}.AppStore|ARM.Deploy.0 = Release|ARM
		{AE50A765-AE2C-4417-8478-D585C90F5A71}.AppStore|iPhone.ActiveCfg = Release|x86
		{AE50A765-AE2C-4417-8478-D585C90F5A71}.AppStore|iPhone.Build.0 = Release|x86
		{AE50A765-AE2C-4417-8478-D585C90F5A71}.AppStore|iPhone.Deploy.0 = Release|x86
		{AE50A765-AE2C-4417-8478-D585C90F5A71}.AppStore|iPhoneSimulator.ActiveCfg = Release|x86
		{AE50A765-AE2C-4417-8478-D585C90F5A71}.AppStore|iPhoneSimulator.Build.0 = Release|x86
		{AE50A765-AE2C-4417-8478-D585C90F5A71}.AppStore|iPhoneSimulator.Deploy.0 = Release|x86
		{AE50A765-AE2C-4417-8478-D585C90F5A71}.AppStore|x64.ActiveCfg = Release|x64
		{AE50A765-AE2C-4417-8478-D585C90F5A71}.AppStore|x64.Build.0 = Release|x64
		{AE50A765-AE2C-4417-8478-D585C90F5A71}.AppStore|x64.Deploy.0 = Release|x64
		{AE50A765-AE2C-4417-8478-D585C90F5A71}.AppStore|x86.ActiveCfg = Release|x86
		{AE50A765-AE2C-4417-8478-D585C90F5A71}.AppStore|x86.Build.0 = Release|x86
		{AE50A765-AE2C-4417-8478-D585C90F5A71}.AppStore|x86.Deploy.0 = Release|x86
		{AE50A765-AE2C-4417-8478-D585C90F5A71}.Debug|Any CPU.ActiveCfg = Debug|x86
		{AE50A765-AE2C-4417-8478-D585C90F5A71}.Debug|Any CPU.Build.0 = Debug|x86
		{AE50A765-AE2C-4417-8478-D585C90F5A71}.Debug|Any CPU.Deploy.0 = Debug|x86
		{AE50A765-AE2C-4417-8478-D585C90F5A71}.Debug|ARM.ActiveCfg = Debug|ARM
		{AE50A765-AE2C-4417-8478-D585C90F5A71}.Debug|ARM.Build.0 = Debug|ARM
		{AE50A765-AE2C-4417-8478-D585C90F5A71}.Debug|ARM.Deploy.0 = Debug|ARM
		{AE50A765-AE2C-4417-8478-D585C90F5A71}.Debug|iPhone.ActiveCfg = Debug|x86
		{AE50A765-AE2C-4417-8478-D585C90F5A71}.Debug|iPhone.Build.0 = Debug|x86
		{AE50A765-AE2C-4417-8478-D585C90F5A71}.Debug|iPhone.Deploy.0 = Debug|x86
		{AE50A765-AE2C-4417-8478-D585C90F5A71}.Debug|iPhoneSimulator.ActiveCfg = Debug|x86
		{AE50A765-AE2C-4417-8478-D585C90F5A71}.Debug|iPhoneSimulator.Build.0 = Debug|x86
		{AE50A765-AE2C-4417-8478-D585C90F5A71}.Debug|iPhoneSimulator.Deploy.0 = Debug|x86
		{AE50A765-AE2C-4417-8478-D585C90F5A71}.Debug|x64.ActiveCfg = Debug|x64
		{AE50A765-AE2C-4417-8478-D585C90F5A71}.Debug|x64.Build.0 = Debug|x64
		{AE50A765-AE2C-4417-8478-D585C90F5A71}.Debug|x64.Deploy.0 = Debug|x64
		{AE50A765-AE2C-4417-8478-D585C90F5A71}.Debug|x86.ActiveCfg = Debug|x86
		{AE50A765-AE2C-4417-8478-D585C90F5A71}.Debug|x86.Build.0 = Debug|x86
		{AE50A765-AE2C-4417-8478-D585C90F5A71}.Debug|x86.Deploy.0 = Debug|x86
		{AE50A765-AE2C-4417-8478-D585C90F5A71}.Release|Any CPU.ActiveCfg = Release|x86
		{AE50A765-AE2C-4417-8478-D585C90F5A71}.Release|Any CPU.Build.0 = Release|x86
		{AE50A765-AE2C-4417-8478-D585C90F5A71}.Release|Any CPU.Deploy.0 = Release|x86
		{AE50A765-AE2C-4417-8478-D585C90F5A71}.Release|ARM.ActiveCfg = Release|ARM
		{AE50A765-AE2C-4417-8478-D585C90F5A71}.Release|ARM.Build.0 = Release|ARM
		{AE50A765-AE2C-4417-8478-D585C90F5A71}.Release|ARM.Deploy.0 = Release|ARM
		{AE50A765-AE2C-4417-8478-D585C90F5A71}.Release|iPhone.ActiveCfg = Release|x86
		{AE50A765-AE2C-4417-8478-D585C90F5A71}.Release|iPhone.Build.0 = Release|x86
		{AE50A765-AE2C-4417-8478-D585C90F5A71}.Release|iPhone.Deploy.0 = Release|x86
		{AE50A765-AE2C-4417-8478-D585C90F5A71}.Release|iPhoneSimulator.ActiveCfg = Release|x86
		{AE50A765-AE2C-4417-8478-D585C90F5A71}.Release|iPhoneSimulator.Build.0 = Release|x86
		{AE50A765-AE2C-4417-8478-D585C90F5A71}.Release|iPhoneSimulator.Deploy.0 = Release|x86
		{AE50A765-AE2C-4417-8478-D585C90F5A71}.Release|x64.ActiveCfg = Release|x64
		{AE50A765-AE2C-4417-8478-D585C90F5A71}.Release|x64.Build.0 = Release|x64
		{AE50A765-AE2C-4417-8478-D585C90F5A71}.Release|x64.Deploy.0 = Release|x64
		{AE50A765-AE2C-4417-8478-D585C90F5A71}.Release|x86.ActiveCfg = Release|x86
		{AE50A765-AE2C-4417-8478-D585C90F5A71}.Release|x86.Build.0 = Release|x86
		{AE50A765-AE2C-4417-8478-D585C90F5A71}.Release|x86.Deploy.0 = Release|x86
		{614D00B1-FC41-4E1F-92AE-60244D08654F}.Ad-Hoc|Any CPU.ActiveCfg = Debug|Any CPU
		{614D00B1-FC41-4E1F-92AE-60244D08654F}.Ad-Hoc|Any CPU.Build.0 = Debug|Any CPU
		{614D00B1-FC41-4E1F-92AE-60244D08654F}.Ad-Hoc|Any CPU.Deploy.0 = Debug|Any CPU
		{614D00B1-FC41-4E1F-92AE-60244D08654F}.Ad-Hoc|ARM.ActiveCfg = Debug|Any CPU
		{614D00B1-FC41-4E1F-92AE-60244D08654F}.Ad-Hoc|ARM.Build.0 = Debug|Any CPU
		{614D00B1-FC41-4E1F-92AE-60244D08654F}.Ad-Hoc|ARM.Deploy.0 = Debug|Any CPU
		{614D00B1-FC41-4E1F-92AE-60244D08654F}.Ad-Hoc|iPhone.ActiveCfg = Debug|Any CPU
		{614D00B1-FC41-4E1F-92AE-60244D08654F}.Ad-Hoc|iPhone.Build.0 = Debug|Any CPU
		{614D00B1-FC41-4E1F-92AE-60244D08654F}.Ad-Hoc|iPhone.Deploy.0 = Debug|Any CPU
		{614D00B1-FC41-4E1F-92AE-60244D08654F}.Ad-Hoc|iPhoneSimulator.ActiveCfg = Debug|Any CPU
		{614D00B1-FC41-4E1F-92AE-60244D08654F}.Ad-Hoc|iPhoneSimulator.Build.0 = Debug|Any CPU
		{614D00B1-FC41-4E1F-92AE-60244D08654F}.Ad-Hoc|iPhoneSimulator.Deploy.0 = Debug|Any CPU
		{614D00B1-FC41-4E1F-92AE-60244D08654F}.Ad-Hoc|x64.ActiveCfg = Debug|Any CPU
		{614D00B1-FC41-4E1F-92AE-60244D08654F}.Ad-Hoc|x64.Build.0 = Debug|Any CPU
		{614D00B1-FC41-4E1F-92AE-60244D08654F}.Ad-Hoc|x64.Deploy.0 = Debug|Any CPU
		{614D00B1-FC41-4E1F-92AE-60244D08654F}.Ad-Hoc|x86.ActiveCfg = Debug|Any CPU
		{614D00B1-FC41-4E1F-92AE-60244D08654F}.Ad-Hoc|x86.Build.0 = Debug|Any CPU
		{614D00B1-FC41-4E1F-92AE-60244D08654F}.Ad-Hoc|x86.Deploy.0 = Debug|Any CPU
		{614D00B1-FC41-4E1F-92AE-60244D08654F}.AppStore|Any CPU.ActiveCfg = Debug|Any CPU
		{614D00B1-FC41-4E1F-92AE-60244D08654F}.AppStore|Any CPU.Build.0 = Debug|Any CPU
		{614D00B1-FC41-4E1F-92AE-60244D08654F}.AppStore|Any CPU.Deploy.0 = Debug|Any CPU
		{614D00B1-FC41-4E1F-92AE-60244D08654F}.AppStore|ARM.ActiveCfg = Debug|Any CPU
		{614D00B1-FC41-4E1F-92AE-60244D08654F}.AppStore|ARM.Build.0 = Debug|Any CPU
		{614D00B1-FC41-4E1F-92AE-60244D08654F}.AppStore|ARM.Deploy.0 = Debug|Any CPU
		{614D00B1-FC41-4E1F-92AE-60244D08654F}.AppStore|iPhone.ActiveCfg = Debug|Any CPU
		{614D00B1-FC41-4E1F-92AE-60244D08654F}.AppStore|iPhone.Build.0 = Debug|Any CPU
		{614D00B1-FC41-4E1F-92AE-60244D08654F}.AppStore|iPhone.Deploy.0 = Debug|Any CPU
		{614D00B1-FC41-4E1F-92AE-60244D08654F}.AppStore|iPhoneSimulator.ActiveCfg = Debug|Any CPU
		{614D00B1-FC41-4E1F-92AE-60244D08654F}.AppStore|iPhoneSimulator.Build.0 = Debug|Any CPU
		{614D00B1-FC41-4E1F-92AE-60244D08654F}.AppStore|iPhoneSimulator.Deploy.0 = Debug|Any CPU
		{614D00B1-FC41-4E1F-92AE-60244D08654F}.AppStore|x64.ActiveCfg = Debug|Any CPU
		{614D00B1-FC41-4E1F-92AE-60244D08654F}.AppStore|x64.Build.0 = Debug|Any CPU
		{614D00B1-FC41-4E1F-92AE-60244D08654F}.AppStore|x64.Deploy.0 = Debug|Any CPU
		{614D00B1-FC41-4E1F-92AE-60244D08654F}.AppStore|x86.ActiveCfg = Debug|Any CPU
		{614D00B1-FC41-4E1F-92AE-60244D08654F}.AppStore|x86.Build.0 = Debug|Any CPU
		{614D00B1-FC41-4E1F-92AE-60244D08654F}.AppStore|x86.Deploy.0 = Debug|Any CPU
		{614D00B1-FC41-4E1F-92AE-60244D08654F}.Debug|Any CPU.ActiveCfg = Debug|Any CPU
		{614D00B1-FC41-4E1F-92AE-60244D08654F}.Debug|Any CPU.Build.0 = Debug|Any CPU
		{614D00B1-FC41-4E1F-92AE-60244D08654F}.Debug|Any CPU.Deploy.0 = Debug|Any CPU
		{614D00B1-FC41-4E1F-92AE-60244D08654F}.Debug|ARM.ActiveCfg = Debug|Any CPU
		{614D00B1-FC41-4E1F-92AE-60244D08654F}.Debug|ARM.Build.0 = Debug|Any CPU
		{614D00B1-FC41-4E1F-92AE-60244D08654F}.Debug|ARM.Deploy.0 = Debug|Any CPU
		{614D00B1-FC41-4E1F-92AE-60244D08654F}.Debug|iPhone.ActiveCfg = Debug|Any CPU
		{614D00B1-FC41-4E1F-92AE-60244D08654F}.Debug|iPhone.Build.0 = Debug|Any CPU
		{614D00B1-FC41-4E1F-92AE-60244D08654F}.Debug|iPhone.Deploy.0 = Debug|Any CPU
		{614D00B1-FC41-4E1F-92AE-60244D08654F}.Debug|iPhoneSimulator.ActiveCfg = Debug|Any CPU
		{614D00B1-FC41-4E1F-92AE-60244D08654F}.Debug|iPhoneSimulator.Build.0 = Debug|Any CPU
		{614D00B1-FC41-4E1F-92AE-60244D08654F}.Debug|iPhoneSimulator.Deploy.0 = Debug|Any CPU
		{614D00B1-FC41-4E1F-92AE-60244D08654F}.Debug|x64.ActiveCfg = Debug|Any CPU
		{614D00B1-FC41-4E1F-92AE-60244D08654F}.Debug|x64.Build.0 = Debug|Any CPU
		{614D00B1-FC41-4E1F-92AE-60244D08654F}.Debug|x64.Deploy.0 = Debug|Any CPU
		{614D00B1-FC41-4E1F-92AE-60244D08654F}.Debug|x86.ActiveCfg = Debug|Any CPU
		{614D00B1-FC41-4E1F-92AE-60244D08654F}.Debug|x86.Build.0 = Debug|Any CPU
		{614D00B1-FC41-4E1F-92AE-60244D08654F}.Debug|x86.Deploy.0 = Debug|Any CPU
		{614D00B1-FC41-4E1F-92AE-60244D08654F}.Release|Any CPU.ActiveCfg = Release|Any CPU
		{614D00B1-FC41-4E1F-92AE-60244D08654F}.Release|Any CPU.Build.0 = Release|Any CPU
		{614D00B1-FC41-4E1F-92AE-60244D08654F}.Release|Any CPU.Deploy.0 = Release|Any CPU
		{614D00B1-FC41-4E1F-92AE-60244D08654F}.Release|ARM.ActiveCfg = Release|Any CPU
		{614D00B1-FC41-4E1F-92AE-60244D08654F}.Release|ARM.Build.0 = Release|Any CPU
		{614D00B1-FC41-4E1F-92AE-60244D08654F}.Release|ARM.Deploy.0 = Release|Any CPU
		{614D00B1-FC41-4E1F-92AE-60244D08654F}.Release|iPhone.ActiveCfg = Release|Any CPU
		{614D00B1-FC41-4E1F-92AE-60244D08654F}.Release|iPhone.Build.0 = Release|Any CPU
		{614D00B1-FC41-4E1F-92AE-60244D08654F}.Release|iPhone.Deploy.0 = Release|Any CPU
		{614D00B1-FC41-4E1F-92AE-60244D08654F}.Release|iPhoneSimulator.ActiveCfg = Release|Any CPU
		{614D00B1-FC41-4E1F-92AE-60244D08654F}.Release|iPhoneSimulator.Build.0 = Release|Any CPU
		{614D00B1-FC41-4E1F-92AE-60244D08654F}.Release|iPhoneSimulator.Deploy.0 = Release|Any CPU
		{614D00B1-FC41-4E1F-92AE-60244D08654F}.Release|x64.ActiveCfg = Release|Any CPU
		{614D00B1-FC41-4E1F-92AE-60244D08654F}.Release|x64.Build.0 = Release|Any CPU
		{614D00B1-FC41-4E1F-92AE-60244D08654F}.Release|x64.Deploy.0 = Release|Any CPU
		{614D00B1-FC41-4E1F-92AE-60244D08654F}.Release|x86.ActiveCfg = Release|Any CPU
		{614D00B1-FC41-4E1F-92AE-60244D08654F}.Release|x86.Build.0 = Release|Any CPU
		{614D00B1-FC41-4E1F-92AE-60244D08654F}.Release|x86.Deploy.0 = Release|Any CPU
	EndGlobalSection
	GlobalSection(SolutionProperties) = preSolution
		HideSolutionNode = FALSE
	EndGlobalSection
	GlobalSection(ExtensibilityGlobals) = postSolution
		SolutionGuid = {30EA393E-9C42-4F95-AA07-03F2EF5BB88D}
	EndGlobalSection
EndGlobal
